
Microsoft Visual Studio Solution File, Format Version 12.00
# Visual Studio 2012
Project("{FAE04EC0-301F-11D3-BF4B-00C04F79EFBC}") = "MainInterface", "MainInterface\MainInterface.csproj", "{730BD9C8-512B-4C9C-A1F7-A160658B3FAF}"
EndProject
Global
	GlobalSection(SolutionConfigurationPlatforms) = preSolution
		Debug|Any CPU = Debug|Any CPU
		Release|Any CPU = Release|Any CPU
	EndGlobalSection
	GlobalSection(ProjectConfigurationPlatforms) = postSolution
		{730BD9C8-512B-4C9C-A1F7-A160658B3FAF}.Debug|Any CPU.ActiveCfg = Debug|Any CPU
		{730BD9C8-512B-4C9C-A1F7-A160658B3FAF}.Debug|Any CPU.Build.0 = Debug|Any CPU
		{730BD9C8-512B-4C9C-A1F7-A160658B3FAF}.Release|Any CPU.ActiveCfg = Release|Any CPU
		{730BD9C8-512B-4C9C-A1F7-A160658B3FAF}.Release|Any CPU.Build.0 = Release|Any CPU
	EndGlobalSection
	GlobalSection(SolutionProperties) = preSolution
		HideSolutionNode = FALSE
	EndGlobalSection
EndGlobal
